PATH
  remote: /Users/ben/src/global_uid
  specs:
    global_uid (1.4.0)
      activerecord
      activesupport

GEM
  remote: https://rubygems.org/
  specs:
    activemodel (3.2.17)
      activesupport (= 3.2.17)
      builder (~> 3.0.0)
    activerecord (3.2.17)
      activemodel (= 3.2.17)
      activesupport (= 3.2.17)
      arel (~> 3.0.2)
      tzinfo (~> 0.3.29)
    activesupport (3.2.17)
      i18n (~> 0.6, >= 0.6.4)
      multi_json (~> 1.0)
    appraisal (0.5.2)
      bundler
      rake
    arel (3.0.3)
    builder (3.0.4)
    i18n (0.6.9)
    metaclass (0.0.4)
    mocha (1.0.0)
      metaclass (~> 0.0.1)
    multi_json (1.9.0)
    mysql (2.8.1)
    rake (10.1.1)
    shoulda (3.5.0)
      shoulda-context (~> 1.0, >= 1.0.1)
      shoulda-matchers (>= 1.4.1, < 3.0)
    shoulda-context (1.1.6)
    shoulda-matchers (2.5.0)
      activesupport (>= 3.0.0)
    test-unit (2.5.5)
    tzinfo (0.3.39)

PLATFORMS
  ruby

DEPENDENCIES
  activerecord (~> 3.2.2)
  appraisal
  bundler
  global_uid!
  mocha
  mysql (= 2.8.1)
  rake
  shoulda
  test-unit
