PATH
  remote: ../
  specs:
    global_uid (3.3.2)
      activerecord (>= 3.2.0, < 5.1)
      activesupport

GEM
  remote: https://rubygems.org/
  specs:
    activemodel (5.0.0.beta1)
      activesupport (= 5.0.0.beta1)
      builder (~> 3.1)
    activerecord (5.0.0.beta1)
      activemodel (= 5.0.0.beta1)
      activesupport (= 5.0.0.beta1)
      arel (~> 7.0)
    activesupport (5.0.0.beta1)
      concurrent-ruby (~> 1.0)
      i18n (~> 0.7)
      json (~> 1.7, >= 1.7.7)
      method_source
      minitest (~> 5.1)
      tzinfo (~> 1.1)
    arel (7.0.0)
    builder (3.2.2)
    bump (0.5.3)
    concurrent-ruby (1.0.0)
    i18n (0.7.0)
    json (1.8.3)
    metaclass (0.0.4)
    method_source (0.8.2)
    minitest (5.8.3)
    minitest-rg (5.2.0)
      minitest (~> 5.0)
    mocha (1.1.0)
      metaclass (~> 0.0.1)
    mysql2 (0.4.2)
    phenix (0.2.0)
      activerecord (>= 3.2, < 5.1)
      bundler
    rake (10.4.2)
    thread_safe (0.3.5)
    tzinfo (1.2.2)
      thread_safe (~> 0.1)
    wwtd (1.2.0)

PLATFORMS
  ruby

DEPENDENCIES
  activerecord (= 5.0.0.beta1)
  bump
  bundler
  global_uid!
  minitest
  minitest-rg
  mocha
  mysql2
  phenix
  rake
  wwtd (>= 0.5.3)

BUNDLED WITH
   1.11.2
